// !$*UTF8*$!
{
	archiveVersion = 1;
	classes = {
	};
	objectVersion = 50;
	objects = {

/* Begin PBXBuildFile section */
		D7D7B248268375E000238DAA /* InstafilterApp.swift in Sources */ = {isa = PBXBuildFile; fileRef = D7D7B247268375E000238DAA /* InstafilterApp.swift */; };
		D7D7B24A268375E000238DAA /* ContentView.swift in Sources */ = {isa = PBXBuildFile; fileRef = D7D7B249268375E000238DAA /* ContentView.swift */; };
		D7D7B24C268375E100238DAA /* Assets.xcassets in Resources */ = {isa = PBXBuildFile; fileRef = D7D7B24B268375E100238DAA /* Assets.xcassets */; };
		D7D7B24F268375E100238DAA /* Preview Assets.xcassets in Resources */ = {isa = PBXBuildFile; fileRef = D7D7B24E268375E100238DAA /* Preview Assets.xcassets */; };
		D7D7B251268375E100238DAA /* Persistence.swift in Sources */ = {isa = PBXBuildFile; fileRef = D7D7B250268375E100238DAA /* Persistence.swift */; };
		D7D7B254268375E100238DAA /* Instafilter.xcdatamodeld in Sources */ = {isa = PBXBuildFile; fileRef = D7D7B252268375E100238DAA /* Instafilter.xcdatamodeld */; };
/* End PBXBuildFile section */

/* Begin PBXFileReference section */
		D7D7B244268375E000238DAA /* Instafilter.app */ = {isa = PBXFileReference; explicitFileType = wrapper.application; includeInIndex = 0; path = Instafilter.app; sourceTree = BUILT_PRODUCTS_DIR; };
		D7D7B247268375E000238DAA /* InstafilterApp.swift */ = {isa = PBXFileReference; lastKnownFileType = sourcecode.swift; path = InstafilterApp.swift; sourceTree = "<group>"; };
		D7D7B249268375E000238DAA /* ContentView.swift */ = {isa = PBXFileReference; lastKnownFileType = sourcecode.swift; path = ContentView.swift; sourceTree = "<group>"; };
		D7D7B24B268375E100238DAA /* Assets.xcassets */ = {isa = PBXFileReference; lastKnownFileType = folder.assetcatalog; path = Assets.xcassets; sourceTree = "<group>"; };
		D7D7B24E268375E100238DAA /* Preview Assets.xcassets */ = {isa = PBXFileReference; lastKnownFileType = folder.assetcatalog; path = "Preview Assets.xcassets"; sourceTree = "<group>"; };
		D7D7B250268375E100238DAA /* Persistence.swift */ = {isa = PBXFileReference; lastKnownFileType = sourcecode.swift; path = Persistence.swift; sourceTree = "<group>"; };
		D7D7B253268375E100238DAA /* Instafilter.xcdatamodel */ = {isa = PBXFileReference; lastKnownFileType = wrapper.xcdatamodel; path = Instafilter.xcdatamodel; sourceTree = "<group>"; };
		D7D7B255268375E100238DAA /* Info.plist */ = {isa = PBXFileReference; lastKnownFileType = text.plist.xml; path = Info.plist; sourceTree = "<group>"; };
/* End PBXFileReference section */

/* Begin PBXFrameworksBuildPhase section */
		D7D7B241268375E000238DAA /* Frameworks */ = {
			isa = PBXFrameworksBuildPhase;
			buildActionMask = 2147483647;
			files = (
			);
			runOnlyForDeploymentPostprocessing = 0;
		};
/* End PBXFrameworksBuildPhase section */

/* Begin PBXGroup section */
		D7D7B23B268375E000238DAA = {
			isa = PBXGroup;
			children = (
				D7D7B246268375E000238DAA /* Instafilter */,
				D7D7B245268375E000238DAA /* Products */,
			);
			sourceTree = "<group>";
		};
		D7D7B245268375E000238DAA /* Products */ = {
			isa = PBXGroup;
			children = (
				D7D7B244268375E000238DAA /* Instafilter.app */,
			);
			name = Products;
			sourceTree = "<group>";
		};
		D7D7B246268375E000238DAA /* Instafilter */ = {
			isa = PBXGroup;
			children = (
				D7D7B247268375E000238DAA /* InstafilterApp.swift */,
				D7D7B249268375E000238DAA /* ContentView.swift */,
				D7D7B24B268375E100238DAA /* Assets.xcassets */,
				D7D7B250268375E100238DAA /* Persistence.swift */,
				D7D7B255268375E100238DAA /* Info.plist */,
				D7D7B252268375E100238DAA /* Instafilter.xcdatamodeld */,
				D7D7B24D268375E100238DAA /* Preview Content */,
			);
			path = Instafilter;
			sourceTree = "<group>";
		};
		D7D7B24D268375E100238DAA /* Preview Content */ = {
			isa = PBXGroup;
			children = (
				D7D7B24E268375E100238DAA /* Preview Assets.xcassets */,
			);
			path = "Preview Content";
			sourceTree = "<group>";
		};
/* End PBXGroup section */

/* Begin PBXNativeTarget section */
		D7D7B243268375E000238DAA /* Instafilter */ = {
			isa = PBXNativeTarget;
			buildConfigurationList = D7D7B258268375E100238DAA /* Build configuration list for PBXNativeTarget "Instafilter" */;
			buildPhases = (
				D7D7B240268375E000238DAA /* Sources */,
				D7D7B241268375E000238DAA /* Frameworks */,
				D7D7B242268375E000238DAA /* Resources */,
			);
			buildRules = (
			);
			dependencies = (
			);
			name = Instafilter;
			productName = Instafilter;
			productReference = D7D7B244268375E000238DAA /* Instafilter.app */;
			productType = "com.apple.product-type.application";
		};
/* End PBXNativeTarget section */

/* Begin PBXProject section */
		D7D7B23C268375E000238DAA /* Project object */ = {
			isa = PBXProject;
			attributes = {
				LastSwiftUpdateCheck = 1250;
				LastUpgradeCheck = 1250;
				TargetAttributes = {
					D7D7B243268375E000238DAA = {
						CreatedOnToolsVersion = 12.5;
					};
				};
			};
			buildConfigurationList = D7D7B23F268375E000238DAA /* Build configuration list for PBXProject "Instafilter" */;
			compatibilityVersion = "Xcode 9.3";
			developmentRegion = en;
			hasScannedForEncodings = 0;
			knownRegions = (
				en,
				Base,
			);
			mainGroup = D7D7B23B268375E000238DAA;
			productRefGroup = D7D7B245268375E000238DAA /* Products */;
			projectDirPath = "";
			projectRoot = "";
			targets = (
				D7D7B243268375E000238DAA /* Instafilter */,
			);
		};
/* End PBXProject section */

/* Begin PBXResourcesBuildPhase section */
		D7D7B242268375E000238DAA /* Resources */ = {
			isa = PBXResourcesBuildPhase;
			buildActionMask = 2147483647;
			files = (
				D7D7B24F268375E100238DAA /* Preview Assets.xcassets in Resources */,
				D7D7B24C268375E100238DAA /* Assets.xcassets in Resources */,
			);
			runOnlyForDeploymentPostprocessing = 0;
		};
/* End PBXResourcesBuildPhase section */

/* Begin PBXSourcesBuildPhase section */
		D7D7B240268375E000238DAA /* Sources */ = {
			isa = PBXSourcesBuildPhase;
			buildActionMask = 2147483647;
			files = (
				D7D7B251268375E100238DAA /* Persistence.swift in Sources */,
				D7D7B254268375E100238DAA /* Instafilter.xcdatamodeld in Sources */,
				D7D7B24A268375E000238DAA /* ContentView.swift in Sources */,
				D7D7B248268375E000238DAA /* InstafilterApp.swift in Sources */,
			);
			runOnlyForDeploymentPostprocessing = 0;
		};
/* End PBXSourcesBuildPhase section */

/* Begin XCBuildConfiguration section */
		D7D7B256268375E100238DAA /* Debug */ = {
			isa = XCBuildConfiguration;
			buildSettings = {
				ALWAYS_SEARCH_USER_PATHS = NO;
				CLANG_ANALYZER_NONNULL = YES;
				CLANG_ANALYZER_NUMBER_OBJECT_CONVERSION = YES_AGGRESSIVE;
				CLANG_CXX_LANGUAGE_STANDARD = "gnu++14";
				CLANG_CXX_LIBRARY = "libc++";
				CLANG_ENABLE_MODULES = YES;
				CLANG_ENABLE_OBJC_ARC = YES;
				CLANG_ENABLE_OBJC_WEAK = YES;
				CLANG_WARN_BLOCK_CAPTURE_AUTORELEASING = YES;
				CLANG_WARN_BOOL_CONVERSION = YES;
				CLANG_WARN_COMMA = YES;
				CLANG_WARN_CONSTANT_CONVERSION = YES;
				CLANG_WARN_DEPRECATED_OBJC_IMPLEMENTATIONS = YES;
				CLANG_WARN_DIRECT_OBJC_ISA_USAGE = YES_ERROR;
				CLANG_WARN_DOCUMENTATION_COMMENTS = YES;
				CLANG_WARN_EMPTY_BODY = YES;
				CLANG_WARN_ENUM_CONVERSION = YES;
				CLANG_WARN_INFINITE_RECURSION = YES;
				CLANG_WARN_INT_CONVERSION = YES;
				CLANG_WARN_NON_LITERAL_NULL_CONVERSION = YES;
				CLANG_WARN_OBJC_IMPLICIT_RETAIN_SELF = YES;
				CLANG_WARN_OBJC_LITERAL_CONVERSION = YES;
				CLANG_WARN_OBJC_ROOT_CLASS = YES_ERROR;
				CLANG_WARN_QUOTED_INCLUDE_IN_FRAMEWORK_HEADER = YES;
				CLANG_WARN_RANGE_LOOP_ANALYSIS = YES;
				CLANG_WARN_STRICT_PROTOTYPES = YES;
				CLANG_WARN_SUSPICIOUS_MOVE = YES;
				CLANG_WARN_UNGUARDED_AVAILABILITY = YES_AGGRESSIVE;
				CLANG_WARN_UNREACHABLE_CODE = YES;
				CLANG_WARN__DUPLICATE_METHOD_MATCH = YES;
				COPY_PHASE_STRIP = NO;
				DEBUG_INFORMATION_FORMAT = dwarf;
				ENABLE_STRICT_OBJC_MSGSEND = YES;
				ENABLE_TESTABILITY = YES;
				GCC_C_LANGUAGE_STANDARD = gnu11;
				GCC_DYNAMIC_NO_PIC = NO;
				GCC_NO_COMMON_BLOCKS = YES;
				GCC_OPTIMIZATION_LEVEL = 0;
				GCC_PREPROCESSOR_DEFINITIONS = (
					"DEBUG=1",
					"$(inherited)",
				);
				GCC_WARN_64_TO_32_BIT_CONVERSION = YES;
				GCC_WARN_ABOUT_RETURN_TYPE = YES_ERROR;
				GCC_WARN_UNDECLARED_SELECTOR = YES;
				GCC_WARN_UNINITIALIZED_AUTOS = YES_AGGRESSIVE;
				GCC_WARN_UNUSED_FUNCTION = YES;
				GCC_WARN_UNUSED_VARIABLE = YES;
				IPHONEOS_DEPLOYMENT_TARGET = 14.5;
				MTL_ENABLE_DEBUG_INFO = INCLUDE_SOURCE;
				MTL_FAST_MATH = YES;
				ONLY_ACTIVE_ARCH = YES;
				SDKROOT = iphoneos;
				SWIFT_ACTIVE_COMPILATION_CONDITIONS = DEBUG;
				SWIFT_OPTIMIZATION_LEVEL = "-Onone";
			};
			name = Debug;
		};
		D7D7B257268375E100238DAA /* Release */ = {
			isa = XCBuildConfiguration;
			buildSettings = {
				ALWAYS_SEARCH_USER_PATHS = NO;
				CLANG_ANALYZER_NONNULL = YES;
				CLANG_ANALYZER_NUMBER_OBJECT_CONVERSION = YES_AGGRESSIVE;
				CLANG_CXX_LANGUAGE_STANDARD = "gnu++14";
				CLANG_CXX_LIBRARY = "libc++";
				CLANG_ENABLE_MODULES = YES;
				CLANG_ENABLE_OBJC_ARC = YES;
				CLANG_ENABLE_OBJC_WEAK = YES;
				CLANG_WARN_BLOCK_CAPTURE_AUTORELEASING = YES;
				CLANG_WARN_BOOL_CONVERSION = YES;
				CLANG_WARN_COMMA = YES;
				CLANG_WARN_CONSTANT_CONVERSION = YES;
				CLANG_WARN_DEPRECATED_OBJC_IMPLEMENTATIONS = YES;
				CLANG_WARN_DIRECT_OBJC_ISA_USAGE = YES_ERROR;
				CLANG_WARN_DOCUMENTATION_COMMENTS = YES;
				CLANG_WARN_EMPTY_BODY = YES;
				CLANG_WARN_ENUM_CONVERSION = YES;
				CLANG_WARN_INFINITE_RECURSION = YES;
				CLANG_WARN_INT_CONVERSION = YES;
				CLANG_WARN_NON_LITERAL_NULL_CONVERSION = YES;
				CLANG_WARN_OBJC_IMPLICIT_RETAIN_SELF = YES;
				CLANG_WARN_OBJC_LITERAL_CONVERSION = YES;
				CLANG_WARN_OBJC_ROOT_CLASS = YES_ERROR;
				CLANG_WARN_QUOTED_INCLUDE_IN_FRAMEWORK_HEADER = YES;
				CLANG_WARN_RANGE_LOOP_ANALYSIS = YES;
				CLANG_WARN_STRICT_PROTOTYPES = YES;
				CLANG_WARN_SUSPICIOUS_MOVE = YES;
				CLANG_WARN_UNGUARDED_AVAILABILITY = YES_AGGRESSIVE;
				CLANG_WARN_UNREACHABLE_CODE = YES;
				CLANG_WARN__DUPLICATE_METHOD_MATCH = YES;
				COPY_PHASE_STRIP = NO;
				DEBUG_INFORMATION_FORMAT = "dwarf-with-dsym";
				ENABLE_NS_ASSERTIONS = NO;
				ENABLE_STRICT_OBJC_MSGSEND = YES;
				GCC_C_LANGUAGE_STANDARD = gnu11;
				GCC_NO_COMMON_BLOCKS = YES;
				GCC_WARN_64_TO_32_BIT_CONVERSION = YES;
				GCC_WARN_ABOUT_RETURN_TYPE = YES_ERROR;
				GCC_WARN_UNDECLARED_SELECTOR = YES;
				GCC_WARN_UNINITIALIZED_AUTOS = YES_AGGRESSIVE;
				GCC_WARN_UNUSED_FUNCTION = YES;
				GCC_WARN_UNUSED_VARIABLE = YES;
				IPHONEOS_DEPLOYMENT_TARGET = 14.5;
				MTL_ENABLE_DEBUG_INFO = NO;
				MTL_FAST_MATH = YES;
				SDKROOT = iphoneos;
				SWIFT_COMPILATION_MODE = wholemodule;
				SWIFT_OPTIMIZATION_LEVEL = "-O";
				VALIDATE_PRODUCT = YES;
			};
			name = Release;
		};
		D7D7B259268375E100238DAA /* Debug */ = {
			isa = XCBuildConfiguration;
			buildSettings = {
				ASSETCATALOG_COMPILER_APPICON_NAME = AppIcon;
				ASSETCATALOG_COMPILER_GLOBAL_ACCENT_COLOR_NAME = AccentColor;
				CODE_SIGN_STYLE = Automatic;
				DEVELOPMENT_ASSET_PATHS = "\"Instafilter/Preview Content\"";
				DEVELOPMENT_TEAM = JT4NX83JD6;
				ENABLE_PREVIEWS = YES;
				INFOPLIST_FILE = Instafilter/Info.plist;
				IPHONEOS_DEPLOYMENT_TARGET = 14.0;
				LD_RUNPATH_SEARCH_PATHS = (
					"$(inherited)",
					"@executable_path/Frameworks",
				);
				PRODUCT_BUNDLE_IDENTIFIER = "ru.zuev-ar.Instafilter";
				PRODUCT_NAME = "$(TARGET_NAME)";
				SWIFT_VERSION = 5.0;
				TARGETED_DEVICE_FAMILY = "1,2";
			};
			name = Debug;
		};
		D7D7B25A268375E100238DAA /* Release */ = {
			isa = XCBuildConfiguration;
			buildSettings = {
				ASSETCATALOG_COMPILER_APPICON_NAME = AppIcon;
				ASSETCATALOG_COMPILER_GLOBAL_ACCENT_COLOR_NAME = AccentColor;
				CODE_SIGN_STYLE = Automatic;
				DEVELOPMENT_ASSET_PATHS = "\"Instafilter/Preview Content\"";
				DEVELOPMENT_TEAM = JT4NX83JD6;
				ENABLE_PREVIEWS = YES;
				INFOPLIST_FILE = Instafilter/Info.plist;
				IPHONEOS_DEPLOYMENT_TARGET = 14.0;
				LD_RUNPATH_SEARCH_PATHS = (
					"$(inherited)",
					"@executable_path/Frameworks",
				);
				PRODUCT_BUNDLE_IDENTIFIER = "ru.zuev-ar.Instafilter";
				PRODUCT_NAME = "$(TARGET_NAME)";
				SWIFT_VERSION = 5.0;
				TARGETED_DEVICE_FAMILY = "1,2";
			};
			name = Release;
		};
/* End XCBuildConfiguration section */

/* Begin XCConfigurationList section */
		D7D7B23F268375E000238DAA /* Build configuration list for PBXProject "Instafilter" */ = {
			isa = XCConfigurationList;
			buildConfigurations = (
				D7D7B256268375E100238DAA /* Debug */,
				D7D7B257268375E100238DAA /* Release */,
			);
			defaultConfigurationIsVisible = 0;
			defaultConfigurationName = Release;
		};
		D7D7B258268375E100238DAA /* Build configuration list for PBXNativeTarget "Instafilter" */ = {
			isa = XCConfigurationList;
			buildConfigurations = (
				D7D7B259268375E100238DAA /* Debug */,
				D7D7B25A268375E100238DAA /* Release */,
			);
			defaultConfigurationIsVisible = 0;
			defaultConfigurationName = Release;
		};
/* End XCConfigurationList section */

/* Begin XCVersionGroup section */
		D7D7B252268375E100238DAA /* Instafilter.xcdatamodeld */ = {
			isa = XCVersionGroup;
			children = (
				D7D7B253268375E100238DAA /* Instafilter.xcdatamodel */,
			);
			currentVersion = D7D7B253268375E100238DAA /* Instafilter.xcdatamodel */;
			path = Instafilter.xcdatamodeld;
			sourceTree = "<group>";
			versionGroupType = wrapper.xcdatamodel;
		};
/* End XCVersionGroup section */
	};
	rootObject = D7D7B23C268375E000238DAA /* Project object */;
}
